
Microsoft Visual Studio Solution File, Format Version 12.00
# Visual Studio 15
VisualStudioVersion = 15.0.28010.2046
MinimumVisualStudioVersion = 10.0.40219.1
Project("{9A19103F-16F7-4668-BE54-9A1E7A4F7556}") = "FileTransfer", "src\FileTransfer.csproj", "{7CD07704-B71B-4F1D-B383-4CC49D2A1A20}"
EndProject
Project("{9A19103F-16F7-4668-BE54-9A1E7A4F7556}") = "FileReceiver", "test\FileReceiver.csproj", "{3EB150CF-471C-4A3E-A6C8-195A94024139}"
EndProject
Global
	GlobalSection(SolutionConfigurationPlatforms) = preSolution
		Debug|Any CPU = Debug|Any CPU
		Release|Any CPU = Release|Any CPU
	EndGlobalSection
	GlobalSection(ProjectConfigurationPlatforms) = postSolution
		{7CD07704-B71B-4F1D-B383-4CC49D2A1A20}.Debug|Any CPU.ActiveCfg = Debug|Any CPU
		{7CD07704-B71B-4F1D-B383-4CC49D2A1A20}.Debug|Any CPU.Build.0 = Debug|Any CPU
		{7CD07704-B71B-4F1D-B383-4CC49D2A1A20}.Release|Any CPU.ActiveCfg = Release|Any CPU
		{7CD07704-B71B-4F1D-B383-4CC49D2A1A20}.Release|Any CPU.Build.0 = Release|Any CPU
		{3EB150CF-471C-4A3E-A6C8-195A94024139}.Debug|Any CPU.ActiveCfg = Debug|Any CPU
		{3EB150CF-471C-4A3E-A6C8-195A94024139}.Debug|Any CPU.Build.0 = Debug|Any CPU
		{3EB150CF-471C-4A3E-A6C8-195A94024139}.Release|Any CPU.ActiveCfg = Release|Any CPU
		{3EB150CF-471C-4A3E-A6C8-195A94024139}.Release|Any CPU.Build.0 = Release|Any CPU
	EndGlobalSection
	GlobalSection(SolutionProperties) = preSolution
		HideSolutionNode = FALSE
	EndGlobalSection
	GlobalSection(ExtensibilityGlobals) = postSolution
		SolutionGuid = {7D196F8D-CF37-4CB5-936B-209F30C35DF7}
	EndGlobalSection
EndGlobal
